
Microsoft Visual Studio Solution File, Format Version 12.00
# Visual Studio Version 16
VisualStudioVersion = 16.0.29613.14
MinimumVisualStudioVersion = 10.0.40219.1
Project("{2150E333-8FDC-42A3-9474-1A3956D46DE8}") = "1 - Application", "1 - Application", "{11C33A25-5252-4408-AF5F-21A7DC85C61A}"
EndProject
Project("{2150E333-8FDC-42A3-9474-1A3956D46DE8}") = "2 - Domain", "2 - Domain", "{9EBD4FCF-239C-467E-B1DA-9A95E3328F9F}"
EndProject
Project("{2150E333-8FDC-42A3-9474-1A3956D46DE8}") = "3 - Service", "3 - Service", "{D139ABCD-FEC0-4643-92A5-3B40415F4C62}"
EndProject
Project("{2150E333-8FDC-42A3-9474-1A3956D46DE8}") = "4 - Infra", "4 - Infra", "{1BA359A4-B56A-449D-84C8-3144D44C9DFA}"
EndProject
Project("{2150E333-8FDC-42A3-9474-1A3956D46DE8}") = "4.1 - Data", "4.1 - Data", "{8A3BACD9-5027-4187-9AAD-030ED52C0F5D}"
EndProject
Project("{2150E333-8FDC-42A3-9474-1A3956D46DE8}") = "4.2 - CrossCutting", "4.2 - CrossCutting", "{DE747926-45D7-4AF6-997C-0DCB57466FAD}"
EndProject
Project("{FAE04EC0-301F-11D3-BF4B-00C04F79EFBC}") = "Domain", "Domain\Domain.csproj", "{A907572B-935C-47E0-950B-29BFEF33A3F6}"
EndProject
Project("{FAE04EC0-301F-11D3-BF4B-00C04F79EFBC}") = "Service", "Service\Service.csproj", "{3BC73ADD-D48F-4012-83A7-8E807DF2FC7D}"
EndProject
Project("{FAE04EC0-301F-11D3-BF4B-00C04F79EFBC}") = "Data", "Data\Data.csproj", "{51265C69-78DB-4239-B704-880B773B3287}"
EndProject
Project("{FAE04EC0-301F-11D3-BF4B-00C04F79EFBC}") = "CrossCutting", "CrossCutting\CrossCutting.csproj", "{3BDD78B4-D92B-47AA-BEE2-F94F80BEAFB4}"
EndProject
Project("{2150E333-8FDC-42A3-9474-1A3956D46DE8}") = "Solution Items", "Solution Items", "{182E0FCA-770D-4F87-9909-030E50CBA82B}"
	ProjectSection(SolutionItems) = preProject
		README.md = README.md
	EndProjectSection
EndProject
Global
	GlobalSection(SolutionConfigurationPlatforms) = preSolution
		Debug|Any CPU = Debug|Any CPU
		Debug|x64 = Debug|x64
		Debug|x86 = Debug|x86
		Release|Any CPU = Release|Any CPU
		Release|x64 = Release|x64
		Release|x86 = Release|x86
	EndGlobalSection
	GlobalSection(ProjectConfigurationPlatforms) = postSolution
		{A907572B-935C-47E0-950B-29BFEF33A3F6}.Debug|Any CPU.ActiveCfg = Debug|Any CPU
		{A907572B-935C-47E0-950B-29BFEF33A3F6}.Debug|Any CPU.Build.0 = Debug|Any CPU
		{A907572B-935C-47E0-950B-29BFEF33A3F6}.Debug|x64.ActiveCfg = Debug|Any CPU
		{A907572B-935C-47E0-950B-29BFEF33A3F6}.Debug|x64.Build.0 = Debug|Any CPU
		{A907572B-935C-47E0-950B-29BFEF33A3F6}.Debug|x86.ActiveCfg = Debug|Any CPU
		{A907572B-935C-47E0-950B-29BFEF33A3F6}.Debug|x86.Build.0 = Debug|Any CPU
		{A907572B-935C-47E0-950B-29BFEF33A3F6}.Release|Any CPU.ActiveCfg = Release|Any CPU
		{A907572B-935C-47E0-950B-29BFEF33A3F6}.Release|Any CPU.Build.0 = Release|Any CPU
		{A907572B-935C-47E0-950B-29BFEF33A3F6}.Release|x64.ActiveCfg = Release|Any CPU
		{A907572B-935C-47E0-950B-29BFEF33A3F6}.Release|x64.Build.0 = Release|Any CPU
		{A907572B-935C-47E0-950B-29BFEF33A3F6}.Release|x86.ActiveCfg = Release|Any CPU
		{A907572B-935C-47E0-950B-29BFEF33A3F6}.Release|x86.Build.0 = Release|Any CPU
		{3BC73ADD-D48F-4012-83A7-8E807DF2FC7D}.Debug|Any CPU.ActiveCfg = Debug|Any CPU
		{3BC73ADD-D48F-4012-83A7-8E807DF2FC7D}.Debug|Any CPU.Build.0 = Debug|Any CPU
		{3BC73ADD-D48F-4012-83A7-8E807DF2FC7D}.Debug|x64.ActiveCfg = Debug|Any CPU
		{3BC73ADD-D48F-4012-83A7-8E807DF2FC7D}.Debug|x64.Build.0 = Debug|Any CPU
		{3BC73ADD-D48F-4012-83A7-8E807DF2FC7D}.Debug|x86.ActiveCfg = Debug|Any CPU
		{3BC73ADD-D48F-4012-83A7-8E807DF2FC7D}.Debug|x86.Build.0 = Debug|Any CPU
		{3BC73ADD-D48F-4012-83A7-8E807DF2FC7D}.Release|Any CPU.ActiveCfg = Release|Any CPU
		{3BC73ADD-D48F-4012-83A7-8E807DF2FC7D}.Release|Any CPU.Build.0 = Release|Any CPU
		{3BC73ADD-D48F-4012-83A7-8E807DF2FC7D}.Release|x64.ActiveCfg = Release|Any CPU
		{3BC73ADD-D48F-4012-83A7-8E807DF2FC7D}.Release|x64.Build.0 = Release|Any CPU
		{3BC73ADD-D48F-4012-83A7-8E807DF2FC7D}.Release|x86.ActiveCfg = Release|Any CPU
		{3BC73ADD-D48F-4012-83A7-8E807DF2FC7D}.Release|x86.Build.0 = Release|Any CPU
		{51265C69-78DB-4239-B704-880B773B3287}.Debug|Any CPU.ActiveCfg = Debug|Any CPU
		{51265C69-78DB-4239-B704-880B773B3287}.Debug|Any CPU.Build.0 = Debug|Any CPU
		{51265C69-78DB-4239-B704-880B773B3287}.Debug|x64.ActiveCfg = Debug|Any CPU
		{51265C69-78DB-4239-B704-880B773B3287}.Debug|x64.Build.0 = Debug|Any CPU
		{51265C69-78DB-4239-B704-880B773B3287}.Debug|x86.ActiveCfg = Debug|Any CPU
		{51265C69-78DB-4239-B704-880B773B3287}.Debug|x86.Build.0 = Debug|Any CPU
		{51265C69-78DB-4239-B704-880B773B3287}.Release|Any CPU.ActiveCfg = Release|Any CPU
		{51265C69-78DB-4239-B704-880B773B3287}.Release|Any CPU.Build.0 = Release|Any CPU
		{51265C69-78DB-4239-B704-880B773B3287}.Release|x64.ActiveCfg = Release|Any CPU
		{51265C69-78DB-4239-B704-880B773B3287}.Release|x64.Build.0 = Release|Any CPU
		{51265C69-78DB-4239-B704-880B773B3287}.Release|x86.ActiveCfg = Release|Any CPU
		{51265C69-78DB-4239-B704-880B773B3287}.Release|x86.Build.0 = Release|Any CPU
		{3BDD78B4-D92B-47AA-BEE2-F94F80BEAFB4}.Debug|Any CPU.ActiveCfg = Debug|Any CPU
		{3BDD78B4-D92B-47AA-BEE2-F94F80BEAFB4}.Debug|Any CPU.Build.0 = Debug|Any CPU
		{3BDD78B4-D92B-47AA-BEE2-F94F80BEAFB4}.Debug|x64.ActiveCfg = Debug|Any CPU
		{3BDD78B4-D92B-47AA-BEE2-F94F80BEAFB4}.Debug|x64.Build.0 = Debug|Any CPU
		{3BDD78B4-D92B-47AA-BEE2-F94F80BEAFB4}.Debug|x86.ActiveCfg = Debug|Any CPU
		{3BDD78B4-D92B-47AA-BEE2-F94F80BEAFB4}.Debug|x86.Build.0 = Debug|Any CPU
		{3BDD78B4-D92B-47AA-BEE2-F94F80BEAFB4}.Release|Any CPU.ActiveCfg = Release|Any CPU
		{3BDD78B4-D92B-47AA-BEE2-F94F80BEAFB4}.Release|Any CPU.Build.0 = Release|Any CPU
		{3BDD78B4-D92B-47AA-BEE2-F94F80BEAFB4}.Release|x64.ActiveCfg = Release|Any CPU
		{3BDD78B4-D92B-47AA-BEE2-F94F80BEAFB4}.Release|x64.Build.0 = Release|Any CPU
		{3BDD78B4-D92B-47AA-BEE2-F94F80BEAFB4}.Release|x86.ActiveCfg = Release|Any CPU
		{3BDD78B4-D92B-47AA-BEE2-F94F80BEAFB4}.Release|x86.Build.0 = Release|Any CPU
	EndGlobalSection
	GlobalSection(SolutionProperties) = preSolution
		HideSolutionNode = FALSE
	EndGlobalSection
	GlobalSection(NestedProjects) = preSolution
		{8A3BACD9-5027-4187-9AAD-030ED52C0F5D} = {1BA359A4-B56A-449D-84C8-3144D44C9DFA}
		{DE747926-45D7-4AF6-997C-0DCB57466FAD} = {1BA359A4-B56A-449D-84C8-3144D44C9DFA}
		{A907572B-935C-47E0-950B-29BFEF33A3F6} = {9EBD4FCF-239C-467E-B1DA-9A95E3328F9F}
		{3BC73ADD-D48F-4012-83A7-8E807DF2FC7D} = {D139ABCD-FEC0-4643-92A5-3B40415F4C62}
		{51265C69-78DB-4239-B704-880B773B3287} = {8A3BACD9-5027-4187-9AAD-030ED52C0F5D}
		{3BDD78B4-D92B-47AA-BEE2-F94F80BEAFB4} = {DE747926-45D7-4AF6-997C-0DCB57466FAD}
	EndGlobalSection
	GlobalSection(ExtensibilityGlobals) = postSolution
		SolutionGuid = {13A983D6-694C-4338-8A59-7320A10EF702}
	EndGlobalSection
EndGlobal
